{
    "_readme": [
        "This file locks the dependencies of your project to a known state",
        "Read more about it at http://getcomposer.org/doc/01-basic-usage.md#composer-lock-the-lock-file"
    ],
    "hash": "18bacbe9a8aa5d1eb4125e8088d3cc77",
    "packages": [
        {
            "name": "geedmo/yamm3",
            "version": "dev-master",
            "source": {
                "type": "git",
                "url": "https://github.com/geedmo/yamm3.git",
                "reference": "69ba4a32b3b7228421920d6300011745be374029"
            },
            "dist": {
                "type": "zip",
                "url": "https://api.github.com/repos/geedmo/yamm3/zipball/69ba4a32b3b7228421920d6300011745be374029",
                "reference": "69ba4a32b3b7228421920d6300011745be374029",
                "shasum": ""
            },
            "type": "library",
            "notification-url": "https://packagist.org/downloads/",
            "license": [
                "MIT"
            ],
            "authors": [
                {
                    "name": "German Morales",
                    "email": "geedmo.ds@gmail.com",
                    "homepage": "http://geedmo.com"
                }
            ],
            "description": "Yet another megamenu for Bootstrap 3.x",
            "keywords": [
                "bootstrap",
                "megamenu"
            ],
            "time": "2013-11-24 01:16:19"
        }
    ],
    "packages-dev": [

    ],
    "aliases": [

    ],
    "minimum-stability": "stable",
    "stability-flags": {
        "geedmo/yamm3": 20
    },
    "platform": [

    ],
    "platform-dev": [

    ]
}
